// !$*UTF8*$!
{
	archiveVersion = 1;
	classes = {
	};
	objectVersion = 50;
	objects = {

/* Begin PBXBuildFile section */
		207FABD4250F1F3F00A6145B /* AppDelegate.swift in Sources */ = {isa = PBXBuildFile; fileRef = 207FABD3250F1F3F00A6145B /* AppDelegate.swift */; };
		207FABD6250F1F3F00A6145B /* SceneDelegate.swift in Sources */ = {isa = PBXBuildFile; fileRef = 207FABD5250F1F3F00A6145B /* SceneDelegate.swift */; };
		207FABD9250F1F3F00A6145B /* practice3.xcdatamodeld in Sources */ = {isa = PBXBuildFile; fileRef = 207FABD7250F1F3F00A6145B /* practice3.xcdatamodeld */; };
		207FABDD250F1F4100A6145B /* Assets.xcassets in Resources */ = {isa = PBXBuildFile; fileRef = 207FABDC250F1F4100A6145B /* Assets.xcassets */; };
		207FABE0250F1F4100A6145B /* Preview Assets.xcassets in Resources */ = {isa = PBXBuildFile; fileRef = 207FABDF250F1F4100A6145B /* Preview Assets.xcassets */; };
		207FABE3250F1F4100A6145B /* LaunchScreen.storyboard in Resources */ = {isa = PBXBuildFile; fileRef = 207FABE1250F1F4100A6145B /* LaunchScreen.storyboard */; };
		207FABEE250F1F4100A6145B /* practice3Tests.swift in Sources */ = {isa = PBXBuildFile; fileRef = 207FABED250F1F4100A6145B /* practice3Tests.swift */; };
		207FABF9250F1F4100A6145B /* practice3UITests.swift in Sources */ = {isa = PBXBuildFile; fileRef = 207FABF8250F1F4100A6145B /* practice3UITests.swift */; };
		207FAC07250F1F5700A6145B /* Cardifty.swift in Sources */ = {isa = PBXBuildFile; fileRef = 207FAC06250F1F5600A6145B /* Cardifty.swift */; };
		207FAC09250F1F6000A6145B /* PracticeAppVM.swift in Sources */ = {isa = PBXBuildFile; fileRef = 207FAC08250F1F6000A6145B /* PracticeAppVM.swift */; };
		207FAC0B250F1F6400A6145B /* Pattern.swift in Sources */ = {isa = PBXBuildFile; fileRef = 207FAC0A250F1F6400A6145B /* Pattern.swift */; };
		207FAC0D250F1F6800A6145B /* practiceDetailView .swift in Sources */ = {isa = PBXBuildFile; fileRef = 207FAC0C250F1F6800A6145B /* practiceDetailView .swift */; };
		207FAC0F250F1F7000A6145B /* patternView.swift in Sources */ = {isa = PBXBuildFile; fileRef = 207FAC0E250F1F7000A6145B /* patternView.swift */; };
		207FAC11250F1F9100A6145B /* HomeView.swift in Sources */ = {isa = PBXBuildFile; fileRef = 207FAC10250F1F9100A6145B /* HomeView.swift */; };
/* End PBXBuildFile section */

/* Begin PBXContainerItemProxy section */
		207FABEA250F1F4100A6145B /* PBXContainerItemProxy */ = {
			isa = PBXContainerItemProxy;
			containerPortal = 207FABC8250F1F3F00A6145B /* Project object */;
			proxyType = 1;
			remoteGlobalIDString = 207FABCF250F1F3F00A6145B;
			remoteInfo = practice3;
		};
		207FABF5250F1F4100A6145B /* PBXContainerItemProxy */ = {
			isa = PBXContainerItemProxy;
			containerPortal = 207FABC8250F1F3F00A6145B /* Project object */;
			proxyType = 1;
			remoteGlobalIDString = 207FABCF250F1F3F00A6145B;
			remoteInfo = practice3;
		};
/* End PBXContainerItemProxy section */

/* Begin PBXFileReference section */
		207FABD0250F1F3F00A6145B /* practice3.app */ = {isa = PBXFileReference; explicitFileType = wrapper.application; includeInIndex = 0; path = practice3.app; sourceTree = BUILT_PRODUCTS_DIR; };
		207FABD3250F1F3F00A6145B /* AppDelegate.swift */ = {isa = PBXFileReference; lastKnownFileType = sourcecode.swift; path = AppDelegate.swift; sourceTree = "<group>"; };
		207FABD5250F1F3F00A6145B /* SceneDelegate.swift */ = {isa = PBXFileReference; lastKnownFileType = sourcecode.swift; path = SceneDelegate.swift; sourceTree = "<group>"; };
		207FABD8250F1F3F00A6145B /* practice3.xcdatamodel */ = {isa = PBXFileReference; lastKnownFileType = wrapper.xcdatamodel; path = practice3.xcdatamodel; sourceTree = "<group>"; };
		207FABDC250F1F4100A6145B /* Assets.xcassets */ = {isa = PBXFileReference; lastKnownFileType = folder.assetcatalog; path = Assets.xcassets; sourceTree = "<group>"; };
		207FABDF250F1F4100A6145B /* Preview Assets.xcassets */ = {isa = PBXFileReference; lastKnownFileType = folder.assetcatalog; path = "Preview Assets.xcassets"; sourceTree = "<group>"; };
		207FABE2250F1F4100A6145B /* Base */ = {isa = PBXFileReference; lastKnownFileType = file.storyboard; name = Base; path = Base.lproj/LaunchScreen.storyboard; sourceTree = "<group>"; };
		207FABE4250F1F4100A6145B /* Info.plist */ = {isa = PBXFileReference; lastKnownFileType = text.plist.xml; path = Info.plist; sourceTree = "<group>"; };
		207FABE9250F1F4100A6145B /* practice3Tests.xctest */ = {isa = PBXFileReference; explicitFileType = wrapper.cfbundle; includeInIndex = 0; path = practice3Tests.xctest; sourceTree = BUILT_PRODUCTS_DIR; };
		207FABED250F1F4100A6145B /* practice3Tests.swift */ = {isa = PBXFileReference; lastKnownFileType = sourcecode.swift; path = practice3Tests.swift; sourceTree = "<group>"; };
		207FABEF250F1F4100A6145B /* Info.plist */ = {isa = PBXFileReference; lastKnownFileType = text.plist.xml; path = Info.plist; sourceTree = "<group>"; };
		207FABF4250F1F4100A6145B /* practice3UITests.xctest */ = {isa = PBXFileReference; explicitFileType = wrapper.cfbundle; includeInIndex = 0; path = practice3UITests.xctest; sourceTree = BUILT_PRODUCTS_DIR; };
		207FABF8250F1F4100A6145B /* practice3UITests.swift */ = {isa = PBXFileReference; lastKnownFileType = sourcecode.swift; path = practice3UITests.swift; sourceTree = "<group>"; };
		207FABFA250F1F4100A6145B /* Info.plist */ = {isa = PBXFileReference; lastKnownFileType = text.plist.xml; path = Info.plist; sourceTree = "<group>"; };
		207FAC06250F1F5600A6145B /* Cardifty.swift */ = {isa = PBXFileReference; fileEncoding = 4; lastKnownFileType = sourcecode.swift; name = Cardifty.swift; path = ../../PracticeIt2/PracticeIt2/Cardifty.swift; sourceTree = "<group>"; };
		207FAC08250F1F6000A6145B /* PracticeAppVM.swift */ = {isa = PBXFileReference; fileEncoding = 4; lastKnownFileType = sourcecode.swift; name = PracticeAppVM.swift; path = ../../PracticeIt/PracticeIt/PracticeAppVM.swift; sourceTree = "<group>"; };
		207FAC0A250F1F6400A6145B /* Pattern.swift */ = {isa = PBXFileReference; fileEncoding = 4; lastKnownFileType = sourcecode.swift; name = Pattern.swift; path = ../../PracticeIt/PracticeIt/Pattern.swift; sourceTree = "<group>"; };
		207FAC0C250F1F6800A6145B /* practiceDetailView .swift */ = {isa = PBXFileReference; fileEncoding = 4; lastKnownFileType = sourcecode.swift; name = "practiceDetailView .swift"; path = "../../PracticeIt2/PracticeIt2/practiceDetailView .swift"; sourceTree = "<group>"; };
		207FAC0E250F1F7000A6145B /* patternView.swift */ = {isa = PBXFileReference; fileEncoding = 4; lastKnownFileType = sourcecode.swift; name = patternView.swift; path = ../../PracticeIt/PracticeIt/patternView.swift; sourceTree = "<group>"; };
		207FAC10250F1F9100A6145B /* HomeView.swift */ = {isa = PBXFileReference; fileEncoding = 4; lastKnownFileType = sourcecode.swift; name = HomeView.swift; path = ../../PracticeIt/PracticeIt/HomeView.swift; sourceTree = "<group>"; };
/* End PBXFileReference section */

/* Begin PBXFrameworksBuildPhase section */
		207FABCD250F1F3F00A6145B /* Frameworks */ = {
			isa = PBXFrameworksBuildPhase;
			buildActionMask = 2147483647;
			files = (
			);
			runOnlyForDeploymentPostprocessing = 0;
		};
		207FABE6250F1F4100A6145B /* Frameworks */ = {
			isa = PBXFrameworksBuildPhase;
			buildActionMask = 2147483647;
			files = (
			);
			runOnlyForDeploymentPostprocessing = 0;
		};
		207FABF1250F1F4100A6145B /* Frameworks */ = {
			isa = PBXFrameworksBuildPhase;
			buildActionMask = 2147483647;
			files = (
			);
			runOnlyForDeploymentPostprocessing = 0;
		};
/* End PBXFrameworksBuildPhase section */

/* Begin PBXGroup section */
		207FABC7250F1F3F00A6145B = {
			isa = PBXGroup;
			children = (
				207FABD2250F1F3F00A6145B /* practice3 */,
				207FABEC250F1F4100A6145B /* practice3Tests */,
				207FABF7250F1F4100A6145B /* practice3UITests */,
				207FABD1250F1F3F00A6145B /* Products */,
			);
			sourceTree = "<group>";
		};
		207FABD1250F1F3F00A6145B /* Products */ = {
			isa = PBXGroup;
			children = (
				207FABD0250F1F3F00A6145B /* practice3.app */,
				207FABE9250F1F4100A6145B /* practice3Tests.xctest */,
				207FABF4250F1F4100A6145B /* practice3UITests.xctest */,
			);
			name = Products;
			sourceTree = "<group>";
		};
		207FABD2250F1F3F00A6145B /* practice3 */ = {
			isa = PBXGroup;
			children = (
				207FABD3250F1F3F00A6145B /* AppDelegate.swift */,
				207FABD5250F1F3F00A6145B /* SceneDelegate.swift */,
				207FAC0A250F1F6400A6145B /* Pattern.swift */,
				207FAC10250F1F9100A6145B /* HomeView.swift */,
				207FAC08250F1F6000A6145B /* PracticeAppVM.swift */,
				207FAC0E250F1F7000A6145B /* patternView.swift */,
				207FAC0C250F1F6800A6145B /* practiceDetailView .swift */,
				207FAC06250F1F5600A6145B /* Cardifty.swift */,
				207FABDC250F1F4100A6145B /* Assets.xcassets */,
				207FABE1250F1F4100A6145B /* LaunchScreen.storyboard */,
				207FABE4250F1F4100A6145B /* Info.plist */,
				207FABD7250F1F3F00A6145B /* practice3.xcdatamodeld */,
				207FABDE250F1F4100A6145B /* Preview Content */,
			);
			path = practice3;
			sourceTree = "<group>";
		};
		207FABDE250F1F4100A6145B /* Preview Content */ = {
			isa = PBXGroup;
			children = (
				207FABDF250F1F4100A6145B /* Preview Assets.xcassets */,
			);
			path = "Preview Content";
			sourceTree = "<group>";
		};
		207FABEC250F1F4100A6145B /* practice3Tests */ = {
			isa = PBXGroup;
			children = (
				207FABED250F1F4100A6145B /* practice3Tests.swift */,
				207FABEF250F1F4100A6145B /* Info.plist */,
			);
			path = practice3Tests;
			sourceTree = "<group>";
		};
		207FABF7250F1F4100A6145B /* practice3UITests */ = {
			isa = PBXGroup;
			children = (
				207FABF8250F1F4100A6145B /* practice3UITests.swift */,
				207FABFA250F1F4100A6145B /* Info.plist */,
			);
			path = practice3UITests;
			sourceTree = "<group>";
		};
/* End PBXGroup section */

/* Begin PBXNativeTarget section */
		207FABCF250F1F3F00A6145B /* practice3 */ = {
			isa = PBXNativeTarget;
			buildConfigurationList = 207FABFD250F1F4100A6145B /* Build configuration list for PBXNativeTarget "practice3" */;
			buildPhases = (
				207FABCC250F1F3F00A6145B /* Sources */,
				207FABCD250F1F3F00A6145B /* Frameworks */,
				207FABCE250F1F3F00A6145B /* Resources */,
			);
			buildRules = (
			);
			dependencies = (
			);
			name = practice3;
			productName = practice3;
			productReference = 207FABD0250F1F3F00A6145B /* practice3.app */;
			productType = "com.apple.product-type.application";
		};
		207FABE8250F1F4100A6145B /* practice3Tests */ = {
			isa = PBXNativeTarget;
			buildConfigurationList = 207FAC00250F1F4100A6145B /* Build configuration list for PBXNativeTarget "practice3Tests" */;
			buildPhases = (
				207FABE5250F1F4100A6145B /* Sources */,
				207FABE6250F1F4100A6145B /* Frameworks */,
				207FABE7250F1F4100A6145B /* Resources */,
			);
			buildRules = (
			);
			dependencies = (
				207FABEB250F1F4100A6145B /* PBXTargetDependency */,
			);
			name = practice3Tests;
			productName = practice3Tests;
			productReference = 207FABE9250F1F4100A6145B /* practice3Tests.xctest */;
			productType = "com.apple.product-type.bundle.unit-test";
		};
		207FABF3250F1F4100A6145B /* practice3UITests */ = {
			isa = PBXNativeTarget;
			buildConfigurationList = 207FAC03250F1F4100A6145B /* Build configuration list for PBXNativeTarget "practice3UITests" */;
			buildPhases = (
				207FABF0250F1F4100A6145B /* Sources */,
				207FABF1250F1F4100A6145B /* Frameworks */,
				207FABF2250F1F4100A6145B /* Resources */,
			);
			buildRules = (
			);
			dependencies = (
				207FABF6250F1F4100A6145B /* PBXTargetDependency */,
			);
			name = practice3UITests;
			productName = practice3UITests;
			productReference = 207FABF4250F1F4100A6145B /* practice3UITests.xctest */;
			productType = "com.apple.product-type.bundle.ui-testing";
		};
/* End PBXNativeTarget section */

/* Begin PBXProject section */
		207FABC8250F1F3F00A6145B /* Project object */ = {
			isa = PBXProject;
			attributes = {
				LastSwiftUpdateCheck = 1170;
				LastUpgradeCheck = 1170;
				ORGANIZATIONNAME = "Yichi Zhang ";
				TargetAttributes = {
					207FABCF250F1F3F00A6145B = {
						CreatedOnToolsVersion = 11.7;
					};
					207FABE8250F1F4100A6145B = {
						CreatedOnToolsVersion = 11.7;
						TestTargetID = 207FABCF250F1F3F00A6145B;
					};
					207FABF3250F1F4100A6145B = {
						CreatedOnToolsVersion = 11.7;
						TestTargetID = 207FABCF250F1F3F00A6145B;
					};
				};
			};
			buildConfigurationList = 207FABCB250F1F3F00A6145B /* Build configuration list for PBXProject "practice3" */;
			compatibilityVersion = "Xcode 9.3";
			developmentRegion = en;
			hasScannedForEncodings = 0;
			knownRegions = (
				en,
				Base,
			);
			mainGroup = 207FABC7250F1F3F00A6145B;
			productRefGroup = 207FABD1250F1F3F00A6145B /* Products */;
			projectDirPath = "";
			projectRoot = "";
			targets = (
				207FABCF250F1F3F00A6145B /* practice3 */,
				207FABE8250F1F4100A6145B /* practice3Tests */,
				207FABF3250F1F4100A6145B /* practice3UITests */,
			);
		};
/* End PBXProject section */

/* Begin PBXResourcesBuildPhase section */
		207FABCE250F1F3F00A6145B /* Resources */ = {
			isa = PBXResourcesBuildPhase;
			buildActionMask = 2147483647;
			files = (
				207FABE3250F1F4100A6145B /* LaunchScreen.storyboard in Resources */,
				207FABE0250F1F4100A6145B /* Preview Assets.xcassets in Resources */,
				207FABDD250F1F4100A6145B /* Assets.xcassets in Resources */,
			);
			runOnlyForDeploymentPostprocessing = 0;
		};
		207FABE7250F1F4100A6145B /* Resources */ = {
			isa = PBXResourcesBuildPhase;
			buildActionMask = 2147483647;
			files = (
			);
			runOnlyForDeploymentPostprocessing = 0;
		};
		207FABF2250F1F4100A6145B /* Resources */ = {
			isa = PBXResourcesBuildPhase;
			buildActionMask = 2147483647;
			files = (
			);
			runOnlyForDeploymentPostprocessing = 0;
		};
/* End PBXResourcesBuildPhase section */

/* Begin PBXSourcesBuildPhase section */
		207FABCC250F1F3F00A6145B /* Sources */ = {
			isa = PBXSourcesBuildPhase;
			buildActionMask = 2147483647;
			files = (
				207FAC11250F1F9100A6145B /* HomeView.swift in Sources */,
				207FABD9250F1F3F00A6145B /* practice3.xcdatamodeld in Sources */,
				207FAC07250F1F5700A6145B /* Cardifty.swift in Sources */,
				207FABD4250F1F3F00A6145B /* AppDelegate.swift in Sources */,
				207FABD6250F1F3F00A6145B /* SceneDelegate.swift in Sources */,
				207FAC0D250F1F6800A6145B /* practiceDetailView .swift in Sources */,
				207FAC0F250F1F7000A6145B /* patternView.swift in Sources */,
				207FAC0B250F1F6400A6145B /* Pattern.swift in Sources */,
				207FAC09250F1F6000A6145B /* PracticeAppVM.swift in Sources */,
			);
			runOnlyForDeploymentPostprocessing = 0;
		};
		207FABE5250F1F4100A6145B /* Sources */ = {
			isa = PBXSourcesBuildPhase;
			buildActionMask = 2147483647;
			files = (
				207FABEE250F1F4100A6145B /* practice3Tests.swift in Sources */,
			);
			runOnlyForDeploymentPostprocessing = 0;
		};
		207FABF0250F1F4100A6145B /* Sources */ = {
			isa = PBXSourcesBuildPhase;
			buildActionMask = 2147483647;
			files = (
				207FABF9250F1F4100A6145B /* practice3UITests.swift in Sources */,
			);
			runOnlyForDeploymentPostprocessing = 0;
		};
/* End PBXSourcesBuildPhase section */

/* Begin PBXTargetDependency section */
		207FABEB250F1F4100A6145B /* PBXTargetDependency */ = {
			isa = PBXTargetDependency;
			target = 207FABCF250F1F3F00A6145B /* practice3 */;
			targetProxy = 207FABEA250F1F4100A6145B /* PBXContainerItemProxy */;
		};
		207FABF6250F1F4100A6145B /* PBXTargetDependency */ = {
			isa = PBXTargetDependency;
			target = 207FABCF250F1F3F00A6145B /* practice3 */;
			targetProxy = 207FABF5250F1F4100A6145B /* PBXContainerItemProxy */;
		};
/* End PBXTargetDependency section */

/* Begin PBXVariantGroup section */
		207FABE1250F1F4100A6145B /* LaunchScreen.storyboard */ = {
			isa = PBXVariantGroup;
			children = (
				207FABE2250F1F4100A6145B /* Base */,
			);
			name = LaunchScreen.storyboard;
			sourceTree = "<group>";
		};
/* End PBXVariantGroup section */

/* Begin XCBuildConfiguration section */
		207FABFB250F1F4100A6145B /* Debug */ = {
			isa = XCBuildConfiguration;
			buildSettings = {
				ALWAYS_SEARCH_USER_PATHS = NO;
				CLANG_ANALYZER_NONNULL = YES;
				CLANG_ANALYZER_NUMBER_OBJECT_CONVERSION = YES_AGGRESSIVE;
				CLANG_CXX_LANGUAGE_STANDARD = "gnu++14";
				CLANG_CXX_LIBRARY = "libc++";
				CLANG_ENABLE_MODULES = YES;
				CLANG_ENABLE_OBJC_ARC = YES;
				CLANG_ENABLE_OBJC_WEAK = YES;
				CLANG_WARN_BLOCK_CAPTURE_AUTORELEASING = YES;
				CLANG_WARN_BOOL_CONVERSION = YES;
				CLANG_WARN_COMMA = YES;
				CLANG_WARN_CONSTANT_CONVERSION = YES;
				CLANG_WARN_DEPRECATED_OBJC_IMPLEMENTATIONS = YES;
				CLANG_WARN_DIRECT_OBJC_ISA_USAGE = YES_ERROR;
				CLANG_WARN_DOCUMENTATION_COMMENTS = YES;
				CLANG_WARN_EMPTY_BODY = YES;
				CLANG_WARN_ENUM_CONVERSION = YES;
				CLANG_WARN_INFINITE_RECURSION = YES;
				CLANG_WARN_INT_CONVERSION = YES;
				CLANG_WARN_NON_LITERAL_NULL_CONVERSION = YES;
				CLANG_WARN_OBJC_IMPLICIT_RETAIN_SELF = YES;
				CLANG_WARN_OBJC_LITERAL_CONVERSION = YES;
				CLANG_WARN_OBJC_ROOT_CLASS = YES_ERROR;
				CLANG_WARN_RANGE_LOOP_ANALYSIS = YES;
				CLANG_WARN_STRICT_PROTOTYPES = YES;
				CLANG_WARN_SUSPICIOUS_MOVE = YES;
				CLANG_WARN_UNGUARDED_AVAILABILITY = YES_AGGRESSIVE;
				CLANG_WARN_UNREACHABLE_CODE = YES;
				CLANG_WARN__DUPLICATE_METHOD_MATCH = YES;
				COPY_PHASE_STRIP = NO;
				DEBUG_INFORMATION_FORMAT = dwarf;
				ENABLE_STRICT_OBJC_MSGSEND = YES;
				ENABLE_TESTABILITY = YES;
				GCC_C_LANGUAGE_STANDARD = gnu11;
				GCC_DYNAMIC_NO_PIC = NO;
				GCC_NO_COMMON_BLOCKS = YES;
				GCC_OPTIMIZATION_LEVEL = 0;
				GCC_PREPROCESSOR_DEFINITIONS = (
					"DEBUG=1",
					"$(inherited)",
				);
				GCC_WARN_64_TO_32_BIT_CONVERSION = YES;
				GCC_WARN_ABOUT_RETURN_TYPE = YES_ERROR;
				GCC_WARN_UNDECLARED_SELECTOR = YES;
				GCC_WARN_UNINITIALIZED_AUTOS = YES_AGGRESSIVE;
				GCC_WARN_UNUSED_FUNCTION = YES;
				GCC_WARN_UNUSED_VARIABLE = YES;
				IPHONEOS_DEPLOYMENT_TARGET = 13.7;
				MTL_ENABLE_DEBUG_INFO = INCLUDE_SOURCE;
				MTL_FAST_MATH = YES;
				ONLY_ACTIVE_ARCH = YES;
				SDKROOT = iphoneos;
				SWIFT_ACTIVE_COMPILATION_CONDITIONS = DEBUG;
				SWIFT_OPTIMIZATION_LEVEL = "-Onone";
			};
			name = Debug;
		};
		207FABFC250F1F4100A6145B /* Release */ = {
			isa = XCBuildConfiguration;
			buildSettings = {
				ALWAYS_SEARCH_USER_PATHS = NO;
				CLANG_ANALYZER_NONNULL = YES;
				CLANG_ANALYZER_NUMBER_OBJECT_CONVERSION = YES_AGGRESSIVE;
				CLANG_CXX_LANGUAGE_STANDARD = "gnu++14";
				CLANG_CXX_LIBRARY = "libc++";
				CLANG_ENABLE_MODULES = YES;
				CLANG_ENABLE_OBJC_ARC = YES;
				CLANG_ENABLE_OBJC_WEAK = YES;
				CLANG_WARN_BLOCK_CAPTURE_AUTORELEASING = YES;
				CLANG_WARN_BOOL_CONVERSION = YES;
				CLANG_WARN_COMMA = YES;
				CLANG_WARN_CONSTANT_CONVERSION = YES;
				CLANG_WARN_DEPRECATED_OBJC_IMPLEMENTATIONS = YES;
				CLANG_WARN_DIRECT_OBJC_ISA_USAGE = YES_ERROR;
				CLANG_WARN_DOCUMENTATION_COMMENTS = YES;
				CLANG_WARN_EMPTY_BODY = YES;
				CLANG_WARN_ENUM_CONVERSION = YES;
				CLANG_WARN_INFINITE_RECURSION = YES;
				CLANG_WARN_INT_CONVERSION = YES;
				CLANG_WARN_NON_LITERAL_NULL_CONVERSION = YES;
				CLANG_WARN_OBJC_IMPLICIT_RETAIN_SELF = YES;
				CLANG_WARN_OBJC_LITERAL_CONVERSION = YES;
				CLANG_WARN_OBJC_ROOT_CLASS = YES_ERROR;
				CLANG_WARN_RANGE_LOOP_ANALYSIS = YES;
				CLANG_WARN_STRICT_PROTOTYPES = YES;
				CLANG_WARN_SUSPICIOUS_MOVE = YES;
				CLANG_WARN_UNGUARDED_AVAILABILITY = YES_AGGRESSIVE;
				CLANG_WARN_UNREACHABLE_CODE = YES;
				CLANG_WARN__DUPLICATE_METHOD_MATCH = YES;
				COPY_PHASE_STRIP = NO;
				DEBUG_INFORMATION_FORMAT = "dwarf-with-dsym";
				ENABLE_NS_ASSERTIONS = NO;
				ENABLE_STRICT_OBJC_MSGSEND = YES;
				GCC_C_LANGUAGE_STANDARD = gnu11;
				GCC_NO_COMMON_BLOCKS = YES;
				GCC_WARN_64_TO_32_BIT_CONVERSION = YES;
				GCC_WARN_ABOUT_RETURN_TYPE = YES_ERROR;
				GCC_WARN_UNDECLARED_SELECTOR = YES;
				GCC_WARN_UNINITIALIZED_AUTOS = YES_AGGRESSIVE;
				GCC_WARN_UNUSED_FUNCTION = YES;
				GCC_WARN_UNUSED_VARIABLE = YES;
				IPHONEOS_DEPLOYMENT_TARGET = 13.7;
				MTL_ENABLE_DEBUG_INFO = NO;
				MTL_FAST_MATH = YES;
				SDKROOT = iphoneos;
				SWIFT_COMPILATION_MODE = wholemodule;
				SWIFT_OPTIMIZATION_LEVEL = "-O";
				VALIDATE_PRODUCT = YES;
			};
			name = Release;
		};
		207FABFE250F1F4100A6145B /* Debug */ = {
			isa = XCBuildConfiguration;
			buildSettings = {
				ASSETCATALOG_COMPILER_APPICON_NAME = AppIcon;
				CODE_SIGN_STYLE = Automatic;
				DEVELOPMENT_ASSET_PATHS = "\"practice3/Preview Content\"";
				DEVELOPMENT_TEAM = 6269P8GMDZ;
				ENABLE_PREVIEWS = YES;
				INFOPLIST_FILE = practice3/Info.plist;
				LD_RUNPATH_SEARCH_PATHS = (
					"$(inherited)",
					"@executable_path/Frameworks",
				);
				PRODUCT_BUNDLE_IDENTIFIER = Yichi.com.practice3;
				PRODUCT_NAME = "$(TARGET_NAME)";
				SWIFT_VERSION = 5.0;
				TARGETED_DEVICE_FAMILY = "1,2";
			};
			name = Debug;
		};
		207FABFF250F1F4100A6145B /* Release */ = {
			isa = XCBuildConfiguration;
			buildSettings = {
				ASSETCATALOG_COMPILER_APPICON_NAME = AppIcon;
				CODE_SIGN_STYLE = Automatic;
				DEVELOPMENT_ASSET_PATHS = "\"practice3/Preview Content\"";
				DEVELOPMENT_TEAM = 6269P8GMDZ;
				ENABLE_PREVIEWS = YES;
				INFOPLIST_FILE = practice3/Info.plist;
				LD_RUNPATH_SEARCH_PATHS = (
					"$(inherited)",
					"@executable_path/Frameworks",
				);
				PRODUCT_BUNDLE_IDENTIFIER = Yichi.com.practice3;
				PRODUCT_NAME = "$(TARGET_NAME)";
				SWIFT_VERSION = 5.0;
				TARGETED_DEVICE_FAMILY = "1,2";
			};
			name = Release;
		};
		207FAC01250F1F4100A6145B /* Debug */ = {
			isa = XCBuildConfiguration;
			buildSettings = {
				ALWAYS_EMBED_SWIFT_STANDARD_LIBRARIES = YES;
				BUNDLE_LOADER = "$(TEST_HOST)";
				CODE_SIGN_STYLE = Automatic;
				DEVELOPMENT_TEAM = 6269P8GMDZ;
				INFOPLIST_FILE = practice3Tests/Info.plist;
				IPHONEOS_DEPLOYMENT_TARGET = 13.7;
				LD_RUNPATH_SEARCH_PATHS = (
					"$(inherited)",
					"@executable_path/Frameworks",
					"@loader_path/Frameworks",
				);
				PRODUCT_BUNDLE_IDENTIFIER = Yichi.com.practice3Tests;
				PRODUCT_NAME = "$(TARGET_NAME)";
				SWIFT_VERSION = 5.0;
				TARGETED_DEVICE_FAMILY = "1,2";
				TEST_HOST = "$(BUILT_PRODUCTS_DIR)/practice3.app/practice3";
			};
			name = Debug;
		};
		207FAC02250F1F4100A6145B /* Release */ = {
			isa = XCBuildConfiguration;
			buildSettings = {
				ALWAYS_EMBED_SWIFT_STANDARD_LIBRARIES = YES;
				BUNDLE_LOADER = "$(TEST_HOST)";
				CODE_SIGN_STYLE = Automatic;
				DEVELOPMENT_TEAM = 6269P8GMDZ;
				INFOPLIST_FILE = practice3Tests/Info.plist;
				IPHONEOS_DEPLOYMENT_TARGET = 13.7;
				LD_RUNPATH_SEARCH_PATHS = (
					"$(inherited)",
					"@executable_path/Frameworks",
					"@loader_path/Frameworks",
				);
				PRODUCT_BUNDLE_IDENTIFIER = Yichi.com.practice3Tests;
				PRODUCT_NAME = "$(TARGET_NAME)";
				SWIFT_VERSION = 5.0;
				TARGETED_DEVICE_FAMILY = "1,2";
				TEST_HOST = "$(BUILT_PRODUCTS_DIR)/practice3.app/practice3";
			};
			name = Release;
		};
		207FAC04250F1F4100A6145B /* Debug */ = {
			isa = XCBuildConfiguration;
			buildSettings = {
				ALWAYS_EMBED_SWIFT_STANDARD_LIBRARIES = YES;
				CODE_SIGN_STYLE = Automatic;
				DEVELOPMENT_TEAM = 6269P8GMDZ;
				INFOPLIST_FILE = practice3UITests/Info.plist;
				LD_RUNPATH_SEARCH_PATHS = (
					"$(inherited)",
					"@executable_path/Frameworks",
					"@loader_path/Frameworks",
				);
				PRODUCT_BUNDLE_IDENTIFIER = Yichi.com.practice3UITests;
				PRODUCT_NAME = "$(TARGET_NAME)";
				SWIFT_VERSION = 5.0;
				TARGETED_DEVICE_FAMILY = "1,2";
				TEST_TARGET_NAME = practice3;
			};
			name = Debug;
		};
		207FAC05250F1F4100A6145B /* Release */ = {
			isa = XCBuildConfiguration;
			buildSettings = {
				ALWAYS_EMBED_SWIFT_STANDARD_LIBRARIES = YES;
				CODE_SIGN_STYLE = Automatic;
				DEVELOPMENT_TEAM = 6269P8GMDZ;
				INFOPLIST_FILE = practice3UITests/Info.plist;
				LD_RUNPATH_SEARCH_PATHS = (
					"$(inherited)",
					"@executable_path/Frameworks",
					"@loader_path/Frameworks",
				);
				PRODUCT_BUNDLE_IDENTIFIER = Yichi.com.practice3UITests;
				PRODUCT_NAME = "$(TARGET_NAME)";
				SWIFT_VERSION = 5.0;
				TARGETED_DEVICE_FAMILY = "1,2";
				TEST_TARGET_NAME = practice3;
			};
			name = Release;
		};
/* End XCBuildConfiguration section */

/* Begin XCConfigurationList section */
		207FABCB250F1F3F00A6145B /* Build configuration list for PBXProject "practice3" */ = {
			isa = XCConfigurationList;
			buildConfigurations = (
				207FABFB250F1F4100A6145B /* Debug */,
				207FABFC250F1F4100A6145B /* Release */,
			);
			defaultConfigurationIsVisible = 0;
			defaultConfigurationName = Release;
		};
		207FABFD250F1F4100A6145B /* Build configuration list for PBXNativeTarget "practice3" */ = {
			isa = XCConfigurationList;
			buildConfigurations = (
				207FABFE250F1F4100A6145B /* Debug */,
				207FABFF250F1F4100A6145B /* Release */,
			);
			defaultConfigurationIsVisible = 0;
			defaultConfigurationName = Release;
		};
		207FAC00250F1F4100A6145B /* Build configuration list for PBXNativeTarget "practice3Tests" */ = {
			isa = XCConfigurationList;
			buildConfigurations = (
				207FAC01250F1F4100A6145B /* Debug */,
				207FAC02250F1F4100A6145B /* Release */,
			);
			defaultConfigurationIsVisible = 0;
			defaultConfigurationName = Release;
		};
		207FAC03250F1F4100A6145B /* Build configuration list for PBXNativeTarget "practice3UITests" */ = {
			isa = XCConfigurationList;
			buildConfigurations = (
				207FAC04250F1F4100A6145B /* Debug */,
				207FAC05250F1F4100A6145B /* Release */,
			);
			defaultConfigurationIsVisible = 0;
			defaultConfigurationName = Release;
		};
/* End XCConfigurationList section */

/* Begin XCVersionGroup section */
		207FABD7250F1F3F00A6145B /* practice3.xcdatamodeld */ = {
			isa = XCVersionGroup;
			children = (
				207FABD8250F1F3F00A6145B /* practice3.xcdatamodel */,
			);
			currentVersion = 207FABD8250F1F3F00A6145B /* practice3.xcdatamodel */;
			path = practice3.xcdatamodeld;
			sourceTree = "<group>";
			versionGroupType = wrapper.xcdatamodel;
		};
/* End XCVersionGroup section */
	};
	rootObject = 207FABC8250F1F3F00A6145B /* Project object */;
}
